
Microsoft Visual Studio Solution File, Format Version 12.00
# Visual Studio Version 17
VisualStudioVersion = 17.5.33414.496
MinimumVisualStudioVersion = 10.0.40219.1
Project("{FAE04EC0-301F-11D3-BF4B-00C04F79EFBC}") = "WebCrawlerQnA", "WebCrawlerQnA.csproj", "{5B28EB37-AAD4-4744-AE32-093F3DDBC71E}"
EndProject
Global
	GlobalSection(SolutionConfigurationPlatforms) = preSolution
		Debug|Any CPU = Debug|Any CPU
		Release|Any CPU = Release|Any CPU
	EndGlobalSection
	GlobalSection(ProjectConfigurationPlatforms) = postSolution
		{5B28EB37-AAD4-4744-AE32-093F3DDBC71E}.Debug|Any CPU.ActiveCfg = Debug|Any CPU
		{5B28EB37-AAD4-4744-AE32-093F3DDBC71E}.Debug|Any CPU.Build.0 = Debug|Any CPU
		{5B28EB37-AAD4-4744-AE32-093F3DDBC71E}.Release|Any CPU.ActiveCfg = Release|Any CPU
		{5B28EB37-AAD4-4744-AE32-093F3DDBC71E}.Release|Any CPU.Build.0 = Release|Any CPU
	EndGlobalSection
	GlobalSection(SolutionProperties) = preSolution
		HideSolutionNode = FALSE
	EndGlobalSection
	GlobalSection(ExtensibilityGlobals) = postSolution
		SolutionGuid = {DFFDEF85-4DFA-49E2-8B55-B5B31C6FD4DE}
	EndGlobalSection
EndGlobal
